
Microsoft Visual Studio Solution File, Format Version 12.00
# Visual Studio Version 17
VisualStudioVersion = 17.9.34728.123
MinimumVisualStudioVersion = 10.0.40219.1
Project("{FAE04EC0-301F-11D3-BF4B-00C04F79EFBC}") = "Assignment2.1.3", "Assignment2.1.3.csproj", "{AB143772-E369-4B1C-BD9F-703D2D7AC749}"
EndProject
Global
	GlobalSection(SolutionConfigurationPlatforms) = preSolution
		Debug|Any CPU = Debug|Any CPU
		Release|Any CPU = Release|Any CPU
	EndGlobalSection
	GlobalSection(ProjectConfigurationPlatforms) = postSolution
		{AB143772-E369-4B1C-BD9F-703D2D7AC749}.Debug|Any CPU.ActiveCfg = Debug|Any CPU
		{AB143772-E369-4B1C-BD9F-703D2D7AC749}.Debug|Any CPU.Build.0 = Debug|Any CPU
		{AB143772-E369-4B1C-BD9F-703D2D7AC749}.Release|Any CPU.ActiveCfg = Release|Any CPU
		{AB143772-E369-4B1C-BD9F-703D2D7AC749}.Release|Any CPU.Build.0 = Release|Any CPU
	EndGlobalSection
	GlobalSection(SolutionProperties) = preSolution
		HideSolutionNode = FALSE
	EndGlobalSection
	GlobalSection(ExtensibilityGlobals) = postSolution
		SolutionGuid = {4ED9FCB8-7BC1-4478-90E9-106BCBE38B03}
	EndGlobalSection
EndGlobal
